
Microsoft Visual Studio Solution File, Format Version 12.00
# Visual Studio 14
VisualStudioVersion = 14.0.25420.1
MinimumVisualStudioVersion = 10.0.40219.1
Project("{FAE04EC0-301F-11D3-BF4B-00C04F79EFBC}") = "ALF.DBFConverter", "ALF.DBFConverter\ALF.DBFConverter.csproj", "{B9CA2A65-6AEE-4D8B-9F4F-5CF2E6B59F67}"
EndProject
Project("{FAE04EC0-301F-11D3-BF4B-00C04F79EFBC}") = "ALF.DataCheck", "ALF.EduDataCheck\ALF.DataCheck.csproj", "{DB635A2D-A0C2-40D5-9A08-46FB735181EC}"
EndProject
Project("{FAE04EC0-301F-11D3-BF4B-00C04F79EFBC}") = "ALF.DataCheck_XP", "ALF.EduDataCheck_XP\ALF.DataCheck_XP.csproj", "{3B6C58C0-B88A-42AE-9DDB-2485E3A8175F}"
EndProject
Project("{FAE04EC0-301F-11D3-BF4B-00C04F79EFBC}") = "ALF.EduDataLauncher", "ALF.EduDataLauncher\ALF.EduDataLauncher.csproj", "{5A76F7BF-3E86-4B9B-82E0-259E3982C02A}"
EndProject
Project("{FAE04EC0-301F-11D3-BF4B-00C04F79EFBC}") = "ALF.SL.UploadWeb", "ALF.SL.UploadWeb\ALF.SL.UploadWeb.csproj", "{637392B5-4C92-462B-BF25-DA16FBCCAF50}"
	ProjectSection(ProjectDependencies) = postProject
		{E49AEDA6-B8F9-47A5-81B9-9C596D0DBB9E} = {E49AEDA6-B8F9-47A5-81B9-9C596D0DBB9E}
	EndProjectSection
EndProject
Project("{FAE04EC0-301F-11D3-BF4B-00C04F79EFBC}") = "ALF.SL.UploadWeb.Web", "ALF.SL.UploadWeb.Web\ALF.SL.UploadWeb.Web.csproj", "{E49AEDA6-B8F9-47A5-81B9-9C596D0DBB9E}"
EndProject
Project("{FAE04EC0-301F-11D3-BF4B-00C04F79EFBC}") = "ALF.EDU.Gadgets", "ALF.EDU.Gadgets\ALF.EDU.Gadgets.csproj", "{4DAD2550-FB8A-41E0-8CDA-A7E4B52B46F1}"
EndProject
Project("{FAE04EC0-301F-11D3-BF4B-00C04F79EFBC}") = "ALF.DocGen", "ALF.DocGen\ALF.DocGen.csproj", "{283EB55D-7A04-4A3A-AB68-F12178B0A756}"
EndProject
Project("{FAE04EC0-301F-11D3-BF4B-00C04F79EFBC}") = "ALF.DocGenWeb", "ALF.DocGenWeb\ALF.DocGenWeb.csproj", "{E0A6DE14-E090-421F-8490-44B84D04B34E}"
	ProjectSection(ProjectDependencies) = postProject
		{F31ADE23-4DF9-4D2D-A5EB-A945706BABEA} = {F31ADE23-4DF9-4D2D-A5EB-A945706BABEA}
		{E49AEDA6-B8F9-47A5-81B9-9C596D0DBB9E} = {E49AEDA6-B8F9-47A5-81B9-9C596D0DBB9E}
	EndProjectSection
EndProject
Project("{FAE04EC0-301F-11D3-BF4B-00C04F79EFBC}") = "ALF.DocGenWeb.Web", "ALF.DocGenWeb.Web\ALF.DocGenWeb.Web.csproj", "{F31ADE23-4DF9-4D2D-A5EB-A945706BABEA}"
EndProject
Global
	GlobalSection(SolutionConfigurationPlatforms) = preSolution
		Debug|Any CPU = Debug|Any CPU
		Release|Any CPU = Release|Any CPU
	EndGlobalSection
	GlobalSection(ProjectConfigurationPlatforms) = postSolution
		{B9CA2A65-6AEE-4D8B-9F4F-5CF2E6B59F67}.Debug|Any CPU.ActiveCfg = Debug|Any CPU
		{B9CA2A65-6AEE-4D8B-9F4F-5CF2E6B59F67}.Debug|Any CPU.Build.0 = Debug|Any CPU
		{B9CA2A65-6AEE-4D8B-9F4F-5CF2E6B59F67}.Release|Any CPU.ActiveCfg = Release|Any CPU
		{B9CA2A65-6AEE-4D8B-9F4F-5CF2E6B59F67}.Release|Any CPU.Build.0 = Release|Any CPU
		{DB635A2D-A0C2-40D5-9A08-46FB735181EC}.Debug|Any CPU.ActiveCfg = Debug|Any CPU
		{DB635A2D-A0C2-40D5-9A08-46FB735181EC}.Debug|Any CPU.Build.0 = Debug|Any CPU
		{DB635A2D-A0C2-40D5-9A08-46FB735181EC}.Release|Any CPU.ActiveCfg = Release|Any CPU
		{DB635A2D-A0C2-40D5-9A08-46FB735181EC}.Release|Any CPU.Build.0 = Release|Any CPU
		{3B6C58C0-B88A-42AE-9DDB-2485E3A8175F}.Debug|Any CPU.ActiveCfg = Debug|Any CPU
		{3B6C58C0-B88A-42AE-9DDB-2485E3A8175F}.Debug|Any CPU.Build.0 = Debug|Any CPU
		{3B6C58C0-B88A-42AE-9DDB-2485E3A8175F}.Release|Any CPU.ActiveCfg = Release|Any CPU
		{3B6C58C0-B88A-42AE-9DDB-2485E3A8175F}.Release|Any CPU.Build.0 = Release|Any CPU
		{5A76F7BF-3E86-4B9B-82E0-259E3982C02A}.Debug|Any CPU.ActiveCfg = Debug|Any CPU
		{5A76F7BF-3E86-4B9B-82E0-259E3982C02A}.Debug|Any CPU.Build.0 = Debug|Any CPU
		{5A76F7BF-3E86-4B9B-82E0-259E3982C02A}.Release|Any CPU.ActiveCfg = Release|Any CPU
		{5A76F7BF-3E86-4B9B-82E0-259E3982C02A}.Release|Any CPU.Build.0 = Release|Any CPU
		{637392B5-4C92-462B-BF25-DA16FBCCAF50}.Debug|Any CPU.ActiveCfg = Debug|Any CPU
		{637392B5-4C92-462B-BF25-DA16FBCCAF50}.Debug|Any CPU.Build.0 = Debug|Any CPU
		{637392B5-4C92-462B-BF25-DA16FBCCAF50}.Release|Any CPU.ActiveCfg = Release|Any CPU
		{637392B5-4C92-462B-BF25-DA16FBCCAF50}.Release|Any CPU.Build.0 = Release|Any CPU
		{E49AEDA6-B8F9-47A5-81B9-9C596D0DBB9E}.Debug|Any CPU.ActiveCfg = Debug|Any CPU
		{E49AEDA6-B8F9-47A5-81B9-9C596D0DBB9E}.Debug|Any CPU.Build.0 = Debug|Any CPU
		{E49AEDA6-B8F9-47A5-81B9-9C596D0DBB9E}.Release|Any CPU.ActiveCfg = Release|Any CPU
		{E49AEDA6-B8F9-47A5-81B9-9C596D0DBB9E}.Release|Any CPU.Build.0 = Release|Any CPU
		{4DAD2550-FB8A-41E0-8CDA-A7E4B52B46F1}.Debug|Any CPU.ActiveCfg = Debug|Any CPU
		{4DAD2550-FB8A-41E0-8CDA-A7E4B52B46F1}.Debug|Any CPU.Build.0 = Debug|Any CPU
		{4DAD2550-FB8A-41E0-8CDA-A7E4B52B46F1}.Release|Any CPU.ActiveCfg = Release|Any CPU
		{4DAD2550-FB8A-41E0-8CDA-A7E4B52B46F1}.Release|Any CPU.Build.0 = Release|Any CPU
		{283EB55D-7A04-4A3A-AB68-F12178B0A756}.Debug|Any CPU.ActiveCfg = Debug|Any CPU
		{283EB55D-7A04-4A3A-AB68-F12178B0A756}.Debug|Any CPU.Build.0 = Debug|Any CPU
		{283EB55D-7A04-4A3A-AB68-F12178B0A756}.Release|Any CPU.ActiveCfg = Release|Any CPU
		{283EB55D-7A04-4A3A-AB68-F12178B0A756}.Release|Any CPU.Build.0 = Release|Any CPU
		{E0A6DE14-E090-421F-8490-44B84D04B34E}.Debug|Any CPU.ActiveCfg = Debug|Any CPU
		{E0A6DE14-E090-421F-8490-44B84D04B34E}.Debug|Any CPU.Build.0 = Debug|Any CPU
		{E0A6DE14-E090-421F-8490-44B84D04B34E}.Release|Any CPU.ActiveCfg = Release|Any CPU
		{E0A6DE14-E090-421F-8490-44B84D04B34E}.Release|Any CPU.Build.0 = Release|Any CPU
		{F31ADE23-4DF9-4D2D-A5EB-A945706BABEA}.Debug|Any CPU.ActiveCfg = Debug|Any CPU
		{F31ADE23-4DF9-4D2D-A5EB-A945706BABEA}.Debug|Any CPU.Build.0 = Debug|Any CPU
		{F31ADE23-4DF9-4D2D-A5EB-A945706BABEA}.Release|Any CPU.ActiveCfg = Release|Any CPU
		{F31ADE23-4DF9-4D2D-A5EB-A945706BABEA}.Release|Any CPU.Build.0 = Release|Any CPU
	EndGlobalSection
	GlobalSection(SolutionProperties) = preSolution
		HideSolutionNode = FALSE
	EndGlobalSection
EndGlobal
